// !$*UTF8*$!
{
	archiveVersion = 1;
	classes = {
	};
	objectVersion = 46;
	objects = {

/* Begin PBXBuildFile section */
		1C18189C1F315D23007EE26D /* AppDelegate.swift in Sources */ = {isa = PBXBuildFile; fileRef = 1C18189B1F315D23007EE26D /* AppDelegate.swift */; };
		1C18189E1F315D23007EE26D /* ViewController.swift in Sources */ = {isa = PBXBuildFile; fileRef = 1C18189D1F315D23007EE26D /* ViewController.swift */; };
		1C1818A11F315D23007EE26D /* Main.storyboard in Resources */ = {isa = PBXBuildFile; fileRef = 1C18189F1F315D23007EE26D /* Main.storyboard */; };
		1C1818A31F315D23007EE26D /* Assets.xcassets in Resources */ = {isa = PBXBuildFile; fileRef = 1C1818A21F315D23007EE26D /* Assets.xcassets */; };
		1C1818A61F315D23007EE26D /* LaunchScreen.storyboard in Resources */ = {isa = PBXBuildFile; fileRef = 1C1818A41F315D23007EE26D /* LaunchScreen.storyboard */; };
		1C1818B11F315D24007EE26D /* MVP1Tests.swift in Sources */ = {isa = PBXBuildFile; fileRef = 1C1818B01F315D24007EE26D /* MVP1Tests.swift */; };
		1C1818BC1F315D24007EE26D /* MVP1UITests.swift in Sources */ = {isa = PBXBuildFile; fileRef = 1C1818BB1F315D24007EE26D /* MVP1UITests.swift */; };
		1C1818CD1F3162BB007EE26D /* IssueData.swift in Sources */ = {isa = PBXBuildFile; fileRef = 1C1818CC1F3162BB007EE26D /* IssueData.swift */; };
		1C1818CF1F31645B007EE26D /* Presenter.swift in Sources */ = {isa = PBXBuildFile; fileRef = 1C1818CE1F31645B007EE26D /* Presenter.swift */; };
		C75BE454B6C70B962D11C2A2 /* Pods_MVP1UITests.framework in Frameworks */ = {isa = PBXBuildFile; fileRef = D6A48F8A4899DDADDAF59608 /* Pods_MVP1UITests.framework */; };
		DD02CF21BC0875B1B22BFCD3 /* Pods_MVP1Tests.framework in Frameworks */ = {isa = PBXBuildFile; fileRef = AC225AFA50452C5A21D543D0 /* Pods_MVP1Tests.framework */; };
		E3CAF67F29FD44EC233E3225 /* Pods_MVP1.framework in Frameworks */ = {isa = PBXBuildFile; fileRef = 38E6609DDBD8B212DECCB677 /* Pods_MVP1.framework */; };
/* End PBXBuildFile section */

/* Begin PBXContainerItemProxy section */
		1C1818AD1F315D24007EE26D /* PBXContainerItemProxy */ = {
			isa = PBXContainerItemProxy;
			containerPortal = 1C1818901F315D23007EE26D /* Project object */;
			proxyType = 1;
			remoteGlobalIDString = 1C1818971F315D23007EE26D;
			remoteInfo = MVP1;
		};
		1C1818B81F315D24007EE26D /* PBXContainerItemProxy */ = {
			isa = PBXContainerItemProxy;
			containerPortal = 1C1818901F315D23007EE26D /* Project object */;
			proxyType = 1;
			remoteGlobalIDString = 1C1818971F315D23007EE26D;
			remoteInfo = MVP1;
		};
/* End PBXContainerItemProxy section */

/* Begin PBXFileReference section */
		19A99E097870CBA59DE98A94 /* Pods-MVP1.debug.xcconfig */ = {isa = PBXFileReference; includeInIndex = 1; lastKnownFileType = text.xcconfig; name = "Pods-MVP1.debug.xcconfig"; path = "Pods/Target Support Files/Pods-MVP1/Pods-MVP1.debug.xcconfig"; sourceTree = "<group>"; };
		1C1818981F315D23007EE26D /* MVP1.app */ = {isa = PBXFileReference; explicitFileType = wrapper.application; includeInIndex = 0; path = MVP1.app; sourceTree = BUILT_PRODUCTS_DIR; };
		1C18189B1F315D23007EE26D /* AppDelegate.swift */ = {isa = PBXFileReference; lastKnownFileType = sourcecode.swift; path = AppDelegate.swift; sourceTree = "<group>"; };
		1C18189D1F315D23007EE26D /* ViewController.swift */ = {isa = PBXFileReference; lastKnownFileType = sourcecode.swift; path = ViewController.swift; sourceTree = "<group>"; };
		1C1818A01F315D23007EE26D /* Base */ = {isa = PBXFileReference; lastKnownFileType = file.storyboard; name = Base; path = Base.lproj/Main.storyboard; sourceTree = "<group>"; };
		1C1818A21F315D23007EE26D /* Assets.xcassets */ = {isa = PBXFileReference; lastKnownFileType = folder.assetcatalog; path = Assets.xcassets; sourceTree = "<group>"; };
		1C1818A51F315D23007EE26D /* Base */ = {isa = PBXFileReference; lastKnownFileType = file.storyboard; name = Base; path = Base.lproj/LaunchScreen.storyboard; sourceTree = "<group>"; };
		1C1818A71F315D23007EE26D /* Info.plist */ = {isa = PBXFileReference; lastKnownFileType = text.plist.xml; path = Info.plist; sourceTree = "<group>"; };
		1C1818AC1F315D24007EE26D /* MVP1Tests.xctest */ = {isa = PBXFileReference; explicitFileType = wrapper.cfbundle; includeInIndex = 0; path = MVP1Tests.xctest; sourceTree = BUILT_PRODUCTS_DIR; };
		1C1818B01F315D24007EE26D /* MVP1Tests.swift */ = {isa = PBXFileReference; lastKnownFileType = sourcecode.swift; path = MVP1Tests.swift; sourceTree = "<group>"; };
		1C1818B21F315D24007EE26D /* Info.plist */ = {isa = PBXFileReference; lastKnownFileType = text.plist.xml; path = Info.plist; sourceTree = "<group>"; };
		1C1818B71F315D24007EE26D /* MVP1UITests.xctest */ = {isa = PBXFileReference; explicitFileType = wrapper.cfbundle; includeInIndex = 0; path = MVP1UITests.xctest; sourceTree = BUILT_PRODUCTS_DIR; };
		1C1818BB1F315D24007EE26D /* MVP1UITests.swift */ = {isa = PBXFileReference; lastKnownFileType = sourcecode.swift; path = MVP1UITests.swift; sourceTree = "<group>"; };
		1C1818BD1F315D24007EE26D /* Info.plist */ = {isa = PBXFileReference; lastKnownFileType = text.plist.xml; path = Info.plist; sourceTree = "<group>"; };
		1C1818CC1F3162BB007EE26D /* IssueData.swift */ = {isa = PBXFileReference; fileEncoding = 4; lastKnownFileType = sourcecode.swift; path = IssueData.swift; sourceTree = "<group>"; };
		1C1818CE1F31645B007EE26D /* Presenter.swift */ = {isa = PBXFileReference; fileEncoding = 4; lastKnownFileType = sourcecode.swift; path = Presenter.swift; sourceTree = "<group>"; };
		38E6609DDBD8B212DECCB677 /* Pods_MVP1.framework */ = {isa = PBXFileReference; explicitFileType = wrapper.framework; includeInIndex = 0; path = Pods_MVP1.framework; sourceTree = BUILT_PRODUCTS_DIR; };
		4C8CBAFB555C50866D16D919 /* Pods-MVP1UITests.release.xcconfig */ = {isa = PBXFileReference; includeInIndex = 1; lastKnownFileType = text.xcconfig; name = "Pods-MVP1UITests.release.xcconfig"; path = "Pods/Target Support Files/Pods-MVP1UITests/Pods-MVP1UITests.release.xcconfig"; sourceTree = "<group>"; };
		84152AE7235CD2D1BE6C3637 /* Pods-MVP1Tests.release.xcconfig */ = {isa = PBXFileReference; includeInIndex = 1; lastKnownFileType = text.xcconfig; name = "Pods-MVP1Tests.release.xcconfig"; path = "Pods/Target Support Files/Pods-MVP1Tests/Pods-MVP1Tests.release.xcconfig"; sourceTree = "<group>"; };
		A36D816FBDC9EC43DA229129 /* Pods-MVP1.release.xcconfig */ = {isa = PBXFileReference; includeInIndex = 1; lastKnownFileType = text.xcconfig; name = "Pods-MVP1.release.xcconfig"; path = "Pods/Target Support Files/Pods-MVP1/Pods-MVP1.release.xcconfig"; sourceTree = "<group>"; };
		AC225AFA50452C5A21D543D0 /* Pods_MVP1Tests.framework */ = {isa = PBXFileReference; explicitFileType = wrapper.framework; includeInIndex = 0; path = Pods_MVP1Tests.framework; sourceTree = BUILT_PRODUCTS_DIR; };
		AF1CDD4A1BE87B0843A6170F /* Pods-MVP1Tests.debug.xcconfig */ = {isa = PBXFileReference; includeInIndex = 1; lastKnownFileType = text.xcconfig; name = "Pods-MVP1Tests.debug.xcconfig"; path = "Pods/Target Support Files/Pods-MVP1Tests/Pods-MVP1Tests.debug.xcconfig"; sourceTree = "<group>"; };
		B4C542577EF9A76CF095262E /* Pods-MVP1UITests.debug.xcconfig */ = {isa = PBXFileReference; includeInIndex = 1; lastKnownFileType = text.xcconfig; name = "Pods-MVP1UITests.debug.xcconfig"; path = "Pods/Target Support Files/Pods-MVP1UITests/Pods-MVP1UITests.debug.xcconfig"; sourceTree = "<group>"; };
		D6A48F8A4899DDADDAF59608 /* Pods_MVP1UITests.framework */ = {isa = PBXFileReference; explicitFileType = wrapper.framework; includeInIndex = 0; path = Pods_MVP1UITests.framework; sourceTree = BUILT_PRODUCTS_DIR; };
/* End PBXFileReference section */

/* Begin PBXFrameworksBuildPhase section */
		1C1818951F315D23007EE26D /* Frameworks */ = {
			isa = PBXFrameworksBuildPhase;
			buildActionMask = 2147483647;
			files = (
				E3CAF67F29FD44EC233E3225 /* Pods_MVP1.framework in Frameworks */,
			);
			runOnlyForDeploymentPostprocessing = 0;
		};
		1C1818A91F315D24007EE26D /* Frameworks */ = {
			isa = PBXFrameworksBuildPhase;
			buildActionMask = 2147483647;
			files = (
				DD02CF21BC0875B1B22BFCD3 /* Pods_MVP1Tests.framework in Frameworks */,
			);
			runOnlyForDeploymentPostprocessing = 0;
		};
		1C1818B41F315D24007EE26D /* Frameworks */ = {
			isa = PBXFrameworksBuildPhase;
			buildActionMask = 2147483647;
			files = (
				C75BE454B6C70B962D11C2A2 /* Pods_MVP1UITests.framework in Frameworks */,
			);
			runOnlyForDeploymentPostprocessing = 0;
		};
/* End PBXFrameworksBuildPhase section */

/* Begin PBXGroup section */
		0DEEAC67EED35229BFB26492 /* Pods */ = {
			isa = PBXGroup;
			children = (
				19A99E097870CBA59DE98A94 /* Pods-MVP1.debug.xcconfig */,
				A36D816FBDC9EC43DA229129 /* Pods-MVP1.release.xcconfig */,
				AF1CDD4A1BE87B0843A6170F /* Pods-MVP1Tests.debug.xcconfig */,
				84152AE7235CD2D1BE6C3637 /* Pods-MVP1Tests.release.xcconfig */,
				B4C542577EF9A76CF095262E /* Pods-MVP1UITests.debug.xcconfig */,
				4C8CBAFB555C50866D16D919 /* Pods-MVP1UITests.release.xcconfig */,
			);
			name = Pods;
			sourceTree = "<group>";
		};
		1C18188F1F315D23007EE26D = {
			isa = PBXGroup;
			children = (
				1C18189A1F315D23007EE26D /* MVP1 */,
				1C1818AF1F315D24007EE26D /* MVP1Tests */,
				1C1818BA1F315D24007EE26D /* MVP1UITests */,
				1C1818991F315D23007EE26D /* Products */,
				0DEEAC67EED35229BFB26492 /* Pods */,
				75683073EDF0F3FD01502DE4 /* Frameworks */,
			);
			sourceTree = "<group>";
		};
		1C1818991F315D23007EE26D /* Products */ = {
			isa = PBXGroup;
			children = (
				1C1818981F315D23007EE26D /* MVP1.app */,
				1C1818AC1F315D24007EE26D /* MVP1Tests.xctest */,
				1C1818B71F315D24007EE26D /* MVP1UITests.xctest */,
			);
			name = Products;
			sourceTree = "<group>";
		};
		1C18189A1F315D23007EE26D /* MVP1 */ = {
			isa = PBXGroup;
			children = (
				1C1818CB1F315E56007EE26D /* Presenter */,
				1C1818CA1F315E4D007EE26D /* View */,
				1C1818C91F315E42007EE26D /* Model */,
				1C18189B1F315D23007EE26D /* AppDelegate.swift */,
				1C18189F1F315D23007EE26D /* Main.storyboard */,
				1C1818A21F315D23007EE26D /* Assets.xcassets */,
				1C1818A41F315D23007EE26D /* LaunchScreen.storyboard */,
				1C1818A71F315D23007EE26D /* Info.plist */,
			);
			path = MVP1;
			sourceTree = "<group>";
		};
		1C1818AF1F315D24007EE26D /* MVP1Tests */ = {
			isa = PBXGroup;
			children = (
				1C1818B01F315D24007EE26D /* MVP1Tests.swift */,
				1C1818B21F315D24007EE26D /* Info.plist */,
			);
			path = MVP1Tests;
			sourceTree = "<group>";
		};
		1C1818BA1F315D24007EE26D /* MVP1UITests */ = {
			isa = PBXGroup;
			children = (
				1C1818BB1F315D24007EE26D /* MVP1UITests.swift */,
				1C1818BD1F315D24007EE26D /* Info.plist */,
			);
			path = MVP1UITests;
			sourceTree = "<group>";
		};
		1C1818C91F315E42007EE26D /* Model */ = {
			isa = PBXGroup;
			children = (
				1C1818CC1F3162BB007EE26D /* IssueData.swift */,
			);
			name = Model;
			sourceTree = "<group>";
		};
		1C1818CA1F315E4D007EE26D /* View */ = {
			isa = PBXGroup;
			children = (
				1C18189D1F315D23007EE26D /* ViewController.swift */,
			);
			name = View;
			sourceTree = "<group>";
		};
		1C1818CB1F315E56007EE26D /* Presenter */ = {
			isa = PBXGroup;
			children = (
				1C1818CE1F31645B007EE26D /* Presenter.swift */,
			);
			name = Presenter;
			sourceTree = "<group>";
		};
		75683073EDF0F3FD01502DE4 /* Frameworks */ = {
			isa = PBXGroup;
			children = (
				38E6609DDBD8B212DECCB677 /* Pods_MVP1.framework */,
				AC225AFA50452C5A21D543D0 /* Pods_MVP1Tests.framework */,
				D6A48F8A4899DDADDAF59608 /* Pods_MVP1UITests.framework */,
			);
			name = Frameworks;
			sourceTree = "<group>";
		};
/* End PBXGroup section */

/* Begin PBXNativeTarget section */
		1C1818971F315D23007EE26D /* MVP1 */ = {
			isa = PBXNativeTarget;
			buildConfigurationList = 1C1818C01F315D24007EE26D /* Build configuration list for PBXNativeTarget "MVP1" */;
			buildPhases = (
				ECE727B5C14EFC66125BA9C3 /* [CP] Check Pods Manifest.lock */,
				1C1818941F315D23007EE26D /* Sources */,
				1C1818951F315D23007EE26D /* Frameworks */,
				1C1818961F315D23007EE26D /* Resources */,
				B7F669EE6B6CAA5666791EB2 /* [CP] Embed Pods Frameworks */,
				B3769DADB550A75040BA0D7D /* [CP] Copy Pods Resources */,
			);
			buildRules = (
			);
			dependencies = (
			);
			name = MVP1;
			productName = MVP1;
			productReference = 1C1818981F315D23007EE26D /* MVP1.app */;
			productType = "com.apple.product-type.application";
		};
		1C1818AB1F315D24007EE26D /* MVP1Tests */ = {
			isa = PBXNativeTarget;
			buildConfigurationList = 1C1818C31F315D24007EE26D /* Build configuration list for PBXNativeTarget "MVP1Tests" */;
			buildPhases = (
				6305FADFA00C9D1ED99848D3 /* [CP] Check Pods Manifest.lock */,
				1C1818A81F315D24007EE26D /* Sources */,
				1C1818A91F315D24007EE26D /* Frameworks */,
				1C1818AA1F315D24007EE26D /* Resources */,
				5976CD5D8EE0C7D318DA8F10 /* [CP] Embed Pods Frameworks */,
				5ED5814B1CEC2C659687E40B /* [CP] Copy Pods Resources */,
			);
			buildRules = (
			);
			dependencies = (
				1C1818AE1F315D24007EE26D /* PBXTargetDependency */,
			);
			name = MVP1Tests;
			productName = MVP1Tests;
			productReference = 1C1818AC1F315D24007EE26D /* MVP1Tests.xctest */;
			productType = "com.apple.product-type.bundle.unit-test";
		};
		1C1818B61F315D24007EE26D /* MVP1UITests */ = {
			isa = PBXNativeTarget;
			buildConfigurationList = 1C1818C61F315D24007EE26D /* Build configuration list for PBXNativeTarget "MVP1UITests" */;
			buildPhases = (
				B7B05413C9A3864DB6F0C40F /* [CP] Check Pods Manifest.lock */,
				1C1818B31F315D24007EE26D /* Sources */,
				1C1818B41F315D24007EE26D /* Frameworks */,
				1C1818B51F315D24007EE26D /* Resources */,
				38EB2B9935B4F15C469F6162 /* [CP] Embed Pods Frameworks */,
				856347178A4AB8C6B28AD4DB /* [CP] Copy Pods Resources */,
			);
			buildRules = (
			);
			dependencies = (
				1C1818B91F315D24007EE26D /* PBXTargetDependency */,
			);
			name = MVP1UITests;
			productName = MVP1UITests;
			productReference = 1C1818B71F315D24007EE26D /* MVP1UITests.xctest */;
			productType = "com.apple.product-type.bundle.ui-testing";
		};
/* End PBXNativeTarget section */

/* Begin PBXProject section */
		1C1818901F315D23007EE26D /* Project object */ = {
			isa = PBXProject;
			attributes = {
				LastSwiftUpdateCheck = 0830;
				LastUpgradeCheck = 0830;
				ORGANIZATIONNAME = "유병재";
				TargetAttributes = {
					1C1818971F315D23007EE26D = {
						CreatedOnToolsVersion = 8.3.3;
						DevelopmentTeam = 5M9BNYXN7H;
						ProvisioningStyle = Automatic;
					};
					1C1818AB1F315D24007EE26D = {
						CreatedOnToolsVersion = 8.3.3;
						DevelopmentTeam = 5M9BNYXN7H;
						ProvisioningStyle = Automatic;
						TestTargetID = 1C1818971F315D23007EE26D;
					};
					1C1818B61F315D24007EE26D = {
						CreatedOnToolsVersion = 8.3.3;
						DevelopmentTeam = 5M9BNYXN7H;
						ProvisioningStyle = Automatic;
						TestTargetID = 1C1818971F315D23007EE26D;
					};
				};
			};
			buildConfigurationList = 1C1818931F315D23007EE26D /* Build configuration list for PBXProject "MVP1" */;
			compatibilityVersion = "Xcode 3.2";
			developmentRegion = English;
			hasScannedForEncodings = 0;
			knownRegions = (
				en,
				Base,
			);
			mainGroup = 1C18188F1F315D23007EE26D;
			productRefGroup = 1C1818991F315D23007EE26D /* Products */;
			projectDirPath = "";
			projectRoot = "";
			targets = (
				1C1818971F315D23007EE26D /* MVP1 */,
				1C1818AB1F315D24007EE26D /* MVP1Tests */,
				1C1818B61F315D24007EE26D /* MVP1UITests */,
			);
		};
/* End PBXProject section */

/* Begin PBXResourcesBuildPhase section */
		1C1818961F315D23007EE26D /* Resources */ = {
			isa = PBXResourcesBuildPhase;
			buildActionMask = 2147483647;
			files = (
				1C1818A61F315D23007EE26D /* LaunchScreen.storyboard in Resources */,
				1C1818A31F315D23007EE26D /* Assets.xcassets in Resources */,
				1C1818A11F315D23007EE26D /* Main.storyboard in Resources */,
			);
			runOnlyForDeploymentPostprocessing = 0;
		};
		1C1818AA1F315D24007EE26D /* Resources */ = {
			isa = PBXResourcesBuildPhase;
			buildActionMask = 2147483647;
			files = (
			);
			runOnlyForDeploymentPostprocessing = 0;
		};
		1C1818B51F315D24007EE26D /* Resources */ = {
			isa = PBXResourcesBuildPhase;
			buildActionMask = 2147483647;
			files = (
			);
			runOnlyForDeploymentPostprocessing = 0;
		};
/* End PBXResourcesBuildPhase section */

/* Begin PBXShellScriptBuildPhase section */
		38EB2B9935B4F15C469F6162 /* [CP] Embed Pods Frameworks */ = {
			isa = PBXShellScriptBuildPhase;
			buildActionMask = 2147483647;
			files = (
			);
			inputPaths = (
			);
			name = "[CP] Embed Pods Frameworks";
			outputPaths = (
			);
			runOnlyForDeploymentPostprocessing = 0;
			shellPath = /bin/sh;
			shellScript = "\"${SRCROOT}/Pods/Target Support Files/Pods-MVP1UITests/Pods-MVP1UITests-frameworks.sh\"\n";
			showEnvVarsInLog = 0;
		};
		5976CD5D8EE0C7D318DA8F10 /* [CP] Embed Pods Frameworks */ = {
			isa = PBXShellScriptBuildPhase;
			buildActionMask = 2147483647;
			files = (
			);
			inputPaths = (
			);
			name = "[CP] Embed Pods Frameworks";
			outputPaths = (
			);
			runOnlyForDeploymentPostprocessing = 0;
			shellPath = /bin/sh;
			shellScript = "\"${SRCROOT}/Pods/Target Support Files/Pods-MVP1Tests/Pods-MVP1Tests-frameworks.sh\"\n";
			showEnvVarsInLog = 0;
		};
		5ED5814B1CEC2C659687E40B /* [CP] Copy Pods Resources */ = {
			isa = PBXShellScriptBuildPhase;
			buildActionMask = 2147483647;
			files = (
			);
			inputPaths = (
			);
			name = "[CP] Copy Pods Resources";
			outputPaths = (
			);
			runOnlyForDeploymentPostprocessing = 0;
			shellPath = /bin/sh;
			shellScript = "\"${SRCROOT}/Pods/Target Support Files/Pods-MVP1Tests/Pods-MVP1Tests-resources.sh\"\n";
			showEnvVarsInLog = 0;
		};
		6305FADFA00C9D1ED99848D3 /* [CP] Check Pods Manifest.lock */ = {
			isa = PBXShellScriptBuildPhase;
			buildActionMask = 2147483647;
			files = (
			);
			inputPaths = (
			);
			name = "[CP] Check Pods Manifest.lock";
			outputPaths = (
			);
			runOnlyForDeploymentPostprocessing = 0;
			shellPath = /bin/sh;
			shellScript = "diff \"${PODS_PODFILE_DIR_PATH}/Podfile.lock\" \"${PODS_ROOT}/Manifest.lock\" > /dev/null\nif [ $? != 0 ] ; then\n    # print error to STDERR\n    echo \"error: The sandbox is not in sync with the Podfile.lock. Run 'pod install' or update your CocoaPods installation.\" >&2\n    exit 1\nfi\n";
			showEnvVarsInLog = 0;
		};
		856347178A4AB8C6B28AD4DB /* [CP] Copy Pods Resources */ = {
			isa = PBXShellScriptBuildPhase;
			buildActionMask = 2147483647;
			files = (
			);
			inputPaths = (
			);
			name = "[CP] Copy Pods Resources";
			outputPaths = (
			);
			runOnlyForDeploymentPostprocessing = 0;
			shellPath = /bin/sh;
			shellScript = "\"${SRCROOT}/Pods/Target Support Files/Pods-MVP1UITests/Pods-MVP1UITests-resources.sh\"\n";
			showEnvVarsInLog = 0;
		};
		B3769DADB550A75040BA0D7D /* [CP] Copy Pods Resources */ = {
			isa = PBXShellScriptBuildPhase;
			buildActionMask = 2147483647;
			files = (
			);
			inputPaths = (
			);
			name = "[CP] Copy Pods Resources";
			outputPaths = (
			);
			runOnlyForDeploymentPostprocessing = 0;
			shellPath = /bin/sh;
			shellScript = "\"${SRCROOT}/Pods/Target Support Files/Pods-MVP1/Pods-MVP1-resources.sh\"\n";
			showEnvVarsInLog = 0;
		};
		B7B05413C9A3864DB6F0C40F /* [CP] Check Pods Manifest.lock */ = {
			isa = PBXShellScriptBuildPhase;
			buildActionMask = 2147483647;
			files = (
			);
			inputPaths = (
			);
			name = "[CP] Check Pods Manifest.lock";
			outputPaths = (
			);
			runOnlyForDeploymentPostprocessing = 0;
			shellPath = /bin/sh;
			shellScript = "diff \"${PODS_PODFILE_DIR_PATH}/Podfile.lock\" \"${PODS_ROOT}/Manifest.lock\" > /dev/null\nif [ $? != 0 ] ; then\n    # print error to STDERR\n    echo \"error: The sandbox is not in sync with the Podfile.lock. Run 'pod install' or update your CocoaPods installation.\" >&2\n    exit 1\nfi\n";
			showEnvVarsInLog = 0;
		};
		B7F669EE6B6CAA5666791EB2 /* [CP] Embed Pods Frameworks */ = {
			isa = PBXShellScriptBuildPhase;
			buildActionMask = 2147483647;
			files = (
			);
			inputPaths = (
			);
			name = "[CP] Embed Pods Frameworks";
			outputPaths = (
			);
			runOnlyForDeploymentPostprocessing = 0;
			shellPath = /bin/sh;
			shellScript = "\"${SRCROOT}/Pods/Target Support Files/Pods-MVP1/Pods-MVP1-frameworks.sh\"\n";
			showEnvVarsInLog = 0;
		};
		ECE727B5C14EFC66125BA9C3 /* [CP] Check Pods Manifest.lock */ = {
			isa = PBXShellScriptBuildPhase;
			buildActionMask = 2147483647;
			files = (
			);
			inputPaths = (
			);
			name = "[CP] Check Pods Manifest.lock";
			outputPaths = (
			);
			runOnlyForDeploymentPostprocessing = 0;
			shellPath = /bin/sh;
			shellScript = "diff \"${PODS_PODFILE_DIR_PATH}/Podfile.lock\" \"${PODS_ROOT}/Manifest.lock\" > /dev/null\nif [ $? != 0 ] ; then\n    # print error to STDERR\n    echo \"error: The sandbox is not in sync with the Podfile.lock. Run 'pod install' or update your CocoaPods installation.\" >&2\n    exit 1\nfi\n";
			showEnvVarsInLog = 0;
		};
/* End PBXShellScriptBuildPhase section */

/* Begin PBXSourcesBuildPhase section */
		1C1818941F315D23007EE26D /* Sources */ = {
			isa = PBXSourcesBuildPhase;
			buildActionMask = 2147483647;
			files = (
				1C1818CD1F3162BB007EE26D /* IssueData.swift in Sources */,
				1C18189E1F315D23007EE26D /* ViewController.swift in Sources */,
				1C1818CF1F31645B007EE26D /* Presenter.swift in Sources */,
				1C18189C1F315D23007EE26D /* AppDelegate.swift in Sources */,
			);
			runOnlyForDeploymentPostprocessing = 0;
		};
		1C1818A81F315D24007EE26D /* Sources */ = {
			isa = PBXSourcesBuildPhase;
			buildActionMask = 2147483647;
			files = (
				1C1818B11F315D24007EE26D /* MVP1Tests.swift in Sources */,
			);
			runOnlyForDeploymentPostprocessing = 0;
		};
		1C1818B31F315D24007EE26D /* Sources */ = {
			isa = PBXSourcesBuildPhase;
			buildActionMask = 2147483647;
			files = (
				1C1818BC1F315D24007EE26D /* MVP1UITests.swift in Sources */,
			);
			runOnlyForDeploymentPostprocessing = 0;
		};
/* End PBXSourcesBuildPhase section */

/* Begin PBXTargetDependency section */
		1C1818AE1F315D24007EE26D /* PBXTargetDependency */ = {
			isa = PBXTargetDependency;
			target = 1C1818971F315D23007EE26D /* MVP1 */;
			targetProxy = 1C1818AD1F315D24007EE26D /* PBXContainerItemProxy */;
		};
		1C1818B91F315D24007EE26D /* PBXTargetDependency */ = {
			isa = PBXTargetDependency;
			target = 1C1818971F315D23007EE26D /* MVP1 */;
			targetProxy = 1C1818B81F315D24007EE26D /* PBXContainerItemProxy */;
		};
/* End PBXTargetDependency section */

/* Begin PBXVariantGroup section */
		1C18189F1F315D23007EE26D /* Main.storyboard */ = {
			isa = PBXVariantGroup;
			children = (
				1C1818A01F315D23007EE26D /* Base */,
			);
			name = Main.storyboard;
			sourceTree = "<group>";
		};
		1C1818A41F315D23007EE26D /* LaunchScreen.storyboard */ = {
			isa = PBXVariantGroup;
			children = (
				1C1818A51F315D23007EE26D /* Base */,
			);
			name = LaunchScreen.storyboard;
			sourceTree = "<group>";
		};
/* End PBXVariantGroup section */

/* Begin XCBuildConfiguration section */
		1C1818BE1F315D24007EE26D /* Debug */ = {
			isa = XCBuildConfiguration;
			buildSettings = {
				ALWAYS_SEARCH_USER_PATHS = NO;
				CLANG_ANALYZER_NONNULL = YES;
				CLANG_ANALYZER_NUMBER_OBJECT_CONVERSION = YES_AGGRESSIVE;
				CLANG_CXX_LANGUAGE_STANDARD = "gnu++0x";
				CLANG_CXX_LIBRARY = "libc++";
				CLANG_ENABLE_MODULES = YES;
				CLANG_ENABLE_OBJC_ARC = YES;
				CLANG_WARN_BOOL_CONVERSION = YES;
				CLANG_WARN_CONSTANT_CONVERSION = YES;
				CLANG_WARN_DIRECT_OBJC_ISA_USAGE = YES_ERROR;
				CLANG_WARN_DOCUMENTATION_COMMENTS = YES;
				CLANG_WARN_EMPTY_BODY = YES;
				CLANG_WARN_ENUM_CONVERSION = YES;
				CLANG_WARN_INFINITE_RECURSION = YES;
				CLANG_WARN_INT_CONVERSION = YES;
				CLANG_WARN_OBJC_ROOT_CLASS = YES_ERROR;
				CLANG_WARN_SUSPICIOUS_MOVE = YES;
				CLANG_WARN_UNREACHABLE_CODE = YES;
				CLANG_WARN__DUPLICATE_METHOD_MATCH = YES;
				"CODE_SIGN_IDENTITY[sdk=iphoneos*]" = "iPhone Developer";
				COPY_PHASE_STRIP = NO;
				DEBUG_INFORMATION_FORMAT = dwarf;
				ENABLE_STRICT_OBJC_MSGSEND = YES;
				ENABLE_TESTABILITY = YES;
				GCC_C_LANGUAGE_STANDARD = gnu99;
				GCC_DYNAMIC_NO_PIC = NO;
				GCC_NO_COMMON_BLOCKS = YES;
				GCC_OPTIMIZATION_LEVEL = 0;
				GCC_PREPROCESSOR_DEFINITIONS = (
					"DEBUG=1",
					"$(inherited)",
				);
				GCC_WARN_64_TO_32_BIT_CONVERSION = YES;
				GCC_WARN_ABOUT_RETURN_TYPE = YES_ERROR;
				GCC_WARN_UNDECLARED_SELECTOR = YES;
				GCC_WARN_UNINITIALIZED_AUTOS = YES_AGGRESSIVE;
				GCC_WARN_UNUSED_FUNCTION = YES;
				GCC_WARN_UNUSED_VARIABLE = YES;
				IPHONEOS_DEPLOYMENT_TARGET = 10.3;
				MTL_ENABLE_DEBUG_INFO = YES;
				ONLY_ACTIVE_ARCH = YES;
				SDKROOT = iphoneos;
				SWIFT_ACTIVE_COMPILATION_CONDITIONS = DEBUG;
				SWIFT_OPTIMIZATION_LEVEL = "-Onone";
			};
			name = Debug;
		};
		1C1818BF1F315D24007EE26D /* Release */ = {
			isa = XCBuildConfiguration;
			buildSettings = {
				ALWAYS_SEARCH_USER_PATHS = NO;
				CLANG_ANALYZER_NONNULL = YES;
				CLANG_ANALYZER_NUMBER_OBJECT_CONVERSION = YES_AGGRESSIVE;
				CLANG_CXX_LANGUAGE_STANDARD = "gnu++0x";
				CLANG_CXX_LIBRARY = "libc++";
				CLANG_ENABLE_MODULES = YES;
				CLANG_ENABLE_OBJC_ARC = YES;
				CLANG_WARN_BOOL_CONVERSION = YES;
				CLANG_WARN_CONSTANT_CONVERSION = YES;
				CLANG_WARN_DIRECT_OBJC_ISA_USAGE = YES_ERROR;
				CLANG_WARN_DOCUMENTATION_COMMENTS = YES;
				CLANG_WARN_EMPTY_BODY = YES;
				CLANG_WARN_ENUM_CONVERSION = YES;
				CLANG_WARN_INFINITE_RECURSION = YES;
				CLANG_WARN_INT_CONVERSION = YES;
				CLANG_WARN_OBJC_ROOT_CLASS = YES_ERROR;
				CLANG_WARN_SUSPICIOUS_MOVE = YES;
				CLANG_WARN_UNREACHABLE_CODE = YES;
				CLANG_WARN__DUPLICATE_METHOD_MATCH = YES;
				"CODE_SIGN_IDENTITY[sdk=iphoneos*]" = "iPhone Developer";
				COPY_PHASE_STRIP = NO;
				DEBUG_INFORMATION_FORMAT = "dwarf-with-dsym";
				ENABLE_NS_ASSERTIONS = NO;
				ENABLE_STRICT_OBJC_MSGSEND = YES;
				GCC_C_LANGUAGE_STANDARD = gnu99;
				GCC_NO_COMMON_BLOCKS = YES;
				GCC_WARN_64_TO_32_BIT_CONVERSION = YES;
				GCC_WARN_ABOUT_RETURN_TYPE = YES_ERROR;
				GCC_WARN_UNDECLARED_SELECTOR = YES;
				GCC_WARN_UNINITIALIZED_AUTOS = YES_AGGRESSIVE;
				GCC_WARN_UNUSED_FUNCTION = YES;
				GCC_WARN_UNUSED_VARIABLE = YES;
				IPHONEOS_DEPLOYMENT_TARGET = 10.3;
				MTL_ENABLE_DEBUG_INFO = NO;
				SDKROOT = iphoneos;
				SWIFT_OPTIMIZATION_LEVEL = "-Owholemodule";
				VALIDATE_PRODUCT = YES;
			};
			name = Release;
		};
		1C1818C11F315D24007EE26D /* Debug */ = {
			isa = XCBuildConfiguration;
			baseConfigurationReference = 19A99E097870CBA59DE98A94 /* Pods-MVP1.debug.xcconfig */;
			buildSettings = {
				ASSETCATALOG_COMPILER_APPICON_NAME = AppIcon;
				DEVELOPMENT_TEAM = 5M9BNYXN7H;
				INFOPLIST_FILE = MVP1/Info.plist;
				LD_RUNPATH_SEARCH_PATHS = "$(inherited) @executable_path/Frameworks";
				PRODUCT_BUNDLE_IDENTIFIER = ybj.MVP1;
				PRODUCT_NAME = "$(TARGET_NAME)";
				SWIFT_VERSION = 3.0;
			};
			name = Debug;
		};
		1C1818C21F315D24007EE26D /* Release */ = {
			isa = XCBuildConfiguration;
			baseConfigurationReference = A36D816FBDC9EC43DA229129 /* Pods-MVP1.release.xcconfig */;
			buildSettings = {
				ASSETCATALOG_COMPILER_APPICON_NAME = AppIcon;
				DEVELOPMENT_TEAM = 5M9BNYXN7H;
				INFOPLIST_FILE = MVP1/Info.plist;
				LD_RUNPATH_SEARCH_PATHS = "$(inherited) @executable_path/Frameworks";
				PRODUCT_BUNDLE_IDENTIFIER = ybj.MVP1;
				PRODUCT_NAME = "$(TARGET_NAME)";
				SWIFT_VERSION = 3.0;
			};
			name = Release;
		};
		1C1818C41F315D24007EE26D /* Debug */ = {
			isa = XCBuildConfiguration;
			baseConfigurationReference = AF1CDD4A1BE87B0843A6170F /* Pods-MVP1Tests.debug.xcconfig */;
			buildSettings = {
				ALWAYS_EMBED_SWIFT_STANDARD_LIBRARIES = YES;
				BUNDLE_LOADER = "$(TEST_HOST)";
				DEVELOPMENT_TEAM = 5M9BNYXN7H;
				INFOPLIST_FILE = MVP1Tests/Info.plist;
				LD_RUNPATH_SEARCH_PATHS = "$(inherited) @executable_path/Frameworks @loader_path/Frameworks";
				PRODUCT_BUNDLE_IDENTIFIER = ybj.MVP1Tests;
				PRODUCT_NAME = "$(TARGET_NAME)";
				SWIFT_VERSION = 3.0;
				TEST_HOST = "$(BUILT_PRODUCTS_DIR)/MVP1.app/MVP1";
			};
			name = Debug;
		};
		1C1818C51F315D24007EE26D /* Release */ = {
			isa = XCBuildConfiguration;
			baseConfigurationReference = 84152AE7235CD2D1BE6C3637 /* Pods-MVP1Tests.release.xcconfig */;
			buildSettings = {
				ALWAYS_EMBED_SWIFT_STANDARD_LIBRARIES = YES;
				BUNDLE_LOADER = "$(TEST_HOST)";
				DEVELOPMENT_TEAM = 5M9BNYXN7H;
				INFOPLIST_FILE = MVP1Tests/Info.plist;
				LD_RUNPATH_SEARCH_PATHS = "$(inherited) @executable_path/Frameworks @loader_path/Frameworks";
				PRODUCT_BUNDLE_IDENTIFIER = ybj.MVP1Tests;
				PRODUCT_NAME = "$(TARGET_NAME)";
				SWIFT_VERSION = 3.0;
				TEST_HOST = "$(BUILT_PRODUCTS_DIR)/MVP1.app/MVP1";
			};
			name = Release;
		};
		1C1818C71F315D24007EE26D /* Debug */ = {
			isa = XCBuildConfiguration;
			baseConfigurationReference = B4C542577EF9A76CF095262E /* Pods-MVP1UITests.debug.xcconfig */;
			buildSettings = {
				ALWAYS_EMBED_SWIFT_STANDARD_LIBRARIES = YES;
				DEVELOPMENT_TEAM = 5M9BNYXN7H;
				INFOPLIST_FILE = MVP1UITests/Info.plist;
				LD_RUNPATH_SEARCH_PATHS = "$(inherited) @executable_path/Frameworks @loader_path/Frameworks";
				PRODUCT_BUNDLE_IDENTIFIER = ybj.MVP1UITests;
				PRODUCT_NAME = "$(TARGET_NAME)";
				SWIFT_VERSION = 3.0;
				TEST_TARGET_NAME = MVP1;
			};
			name = Debug;
		};
		1C1818C81F315D24007EE26D /* Release */ = {
			isa = XCBuildConfiguration;
			baseConfigurationReference = 4C8CBAFB555C50866D16D919 /* Pods-MVP1UITests.release.xcconfig */;
			buildSettings = {
				ALWAYS_EMBED_SWIFT_STANDARD_LIBRARIES = YES;
				DEVELOPMENT_TEAM = 5M9BNYXN7H;
				INFOPLIST_FILE = MVP1UITests/Info.plist;
				LD_RUNPATH_SEARCH_PATHS = "$(inherited) @executable_path/Frameworks @loader_path/Frameworks";
				PRODUCT_BUNDLE_IDENTIFIER = ybj.MVP1UITests;
				PRODUCT_NAME = "$(TARGET_NAME)";
				SWIFT_VERSION = 3.0;
				TEST_TARGET_NAME = MVP1;
			};
			name = Release;
		};
/* End XCBuildConfiguration section */

/* Begin XCConfigurationList section */
		1C1818931F315D23007EE26D /* Build configuration list for PBXProject "MVP1" */ = {
			isa = XCConfigurationList;
			buildConfigurations = (
				1C1818BE1F315D24007EE26D /* Debug */,
				1C1818BF1F315D24007EE26D /* Release */,
			);
			defaultConfigurationIsVisible = 0;
			defaultConfigurationName = Release;
		};
		1C1818C01F315D24007EE26D /* Build configuration list for PBXNativeTarget "MVP1" */ = {
			isa = XCConfigurationList;
			buildConfigurations = (
				1C1818C11F315D24007EE26D /* Debug */,
				1C1818C21F315D24007EE26D /* Release */,
			);
			defaultConfigurationIsVisible = 0;
			defaultConfigurationName = Release;
		};
		1C1818C31F315D24007EE26D /* Build configuration list for PBXNativeTarget "MVP1Tests" */ = {
			isa = XCConfigurationList;
			buildConfigurations = (
				1C1818C41F315D24007EE26D /* Debug */,
				1C1818C51F315D24007EE26D /* Release */,
			);
			defaultConfigurationIsVisible = 0;
			defaultConfigurationName = Release;
		};
		1C1818C61F315D24007EE26D /* Build configuration list for PBXNativeTarget "MVP1UITests" */ = {
			isa = XCConfigurationList;
			buildConfigurations = (
				1C1818C71F315D24007EE26D /* Debug */,
				1C1818C81F315D24007EE26D /* Release */,
			);
			defaultConfigurationIsVisible = 0;
			defaultConfigurationName = Release;
		};
/* End XCConfigurationList section */
	};
	rootObject = 1C1818901F315D23007EE26D /* Project object */;
}
